
Microsoft Visual Studio Solution File, Format Version 12.00
# Visual Studio 15
VisualStudioVersion = 15.0.27130.2027
MinimumVisualStudioVersion = 10.0.40219.1
Project("{FAE04EC0-301F-11D3-BF4B-00C04F79EFBC}") = "Dissertation.Service.IntegrationApp", "Dissertation.Service.IntegrationApp\Dissertation.Service.IntegrationApp.csproj", "{735197A5-02CA-4B5C-8F13-CCC70ACFBB9E}"
EndProject
Project("{FAE04EC0-301F-11D3-BF4B-00C04F79EFBC}") = "Dissertation.Service.IntegrationService", "Dissertation.Service.IntegrationService\Dissertation.Service.IntegrationService.csproj", "{4FFFC8E7-E207-4929-8051-DB8AFDB49378}"
EndProject
Project("{FAE04EC0-301F-11D3-BF4B-00C04F79EFBC}") = "Dissertation.Data", "Dissertation.Data\Dissertation.Data.csproj", "{A9D52127-C255-454F-B800-D0994EFA1CF9}"
EndProject
Project("{FAE04EC0-301F-11D3-BF4B-00C04F79EFBC}") = "Dissertation.Web", "Dissertation.Web\Dissertation.Web.csproj", "{E286DAA8-46C9-4890-9124-21DC1B4EDD3E}"
EndProject
Project("{FAE04EC0-301F-11D3-BF4B-00C04F79EFBC}") = "Dissertation.Notification", "Dissertation.Notification\Dissertation.Notification.csproj", "{DF1C2E2B-EC3F-4B44-B12B-2A27DF0EEEEB}"
EndProject
Project("{FAE04EC0-301F-11D3-BF4B-00C04F79EFBC}") = "xUnitTest", "..\Dissertation.Service.xUnitTest\xUnitTest\xUnitTest.csproj", "{1DF019DB-639E-4DF2-9182-87C889529E20}"
EndProject
Global
	GlobalSection(SolutionConfigurationPlatforms) = preSolution
		Debug|Any CPU = Debug|Any CPU
		Release|Any CPU = Release|Any CPU
	EndGlobalSection
	GlobalSection(ProjectConfigurationPlatforms) = postSolution
		{735197A5-02CA-4B5C-8F13-CCC70ACFBB9E}.Debug|Any CPU.ActiveCfg = Debug|Any CPU
		{735197A5-02CA-4B5C-8F13-CCC70ACFBB9E}.Debug|Any CPU.Build.0 = Debug|Any CPU
		{735197A5-02CA-4B5C-8F13-CCC70ACFBB9E}.Release|Any CPU.ActiveCfg = Release|Any CPU
		{735197A5-02CA-4B5C-8F13-CCC70ACFBB9E}.Release|Any CPU.Build.0 = Release|Any CPU
		{4FFFC8E7-E207-4929-8051-DB8AFDB49378}.Debug|Any CPU.ActiveCfg = Debug|Any CPU
		{4FFFC8E7-E207-4929-8051-DB8AFDB49378}.Debug|Any CPU.Build.0 = Debug|Any CPU
		{4FFFC8E7-E207-4929-8051-DB8AFDB49378}.Release|Any CPU.ActiveCfg = Release|Any CPU
		{4FFFC8E7-E207-4929-8051-DB8AFDB49378}.Release|Any CPU.Build.0 = Release|Any CPU
		{A9D52127-C255-454F-B800-D0994EFA1CF9}.Debug|Any CPU.ActiveCfg = Debug|Any CPU
		{A9D52127-C255-454F-B800-D0994EFA1CF9}.Debug|Any CPU.Build.0 = Debug|Any CPU
		{A9D52127-C255-454F-B800-D0994EFA1CF9}.Release|Any CPU.ActiveCfg = Release|Any CPU
		{A9D52127-C255-454F-B800-D0994EFA1CF9}.Release|Any CPU.Build.0 = Release|Any CPU
		{E286DAA8-46C9-4890-9124-21DC1B4EDD3E}.Debug|Any CPU.ActiveCfg = Debug|Any CPU
		{E286DAA8-46C9-4890-9124-21DC1B4EDD3E}.Debug|Any CPU.Build.0 = Debug|Any CPU
		{E286DAA8-46C9-4890-9124-21DC1B4EDD3E}.Release|Any CPU.ActiveCfg = Release|Any CPU
		{E286DAA8-46C9-4890-9124-21DC1B4EDD3E}.Release|Any CPU.Build.0 = Release|Any CPU
		{DF1C2E2B-EC3F-4B44-B12B-2A27DF0EEEEB}.Debug|Any CPU.ActiveCfg = Debug|Any CPU
		{DF1C2E2B-EC3F-4B44-B12B-2A27DF0EEEEB}.Debug|Any CPU.Build.0 = Debug|Any CPU
		{DF1C2E2B-EC3F-4B44-B12B-2A27DF0EEEEB}.Release|Any CPU.ActiveCfg = Release|Any CPU
		{DF1C2E2B-EC3F-4B44-B12B-2A27DF0EEEEB}.Release|Any CPU.Build.0 = Release|Any CPU
		{1DF019DB-639E-4DF2-9182-87C889529E20}.Debug|Any CPU.ActiveCfg = Debug|Any CPU
		{1DF019DB-639E-4DF2-9182-87C889529E20}.Debug|Any CPU.Build.0 = Debug|Any CPU
		{1DF019DB-639E-4DF2-9182-87C889529E20}.Release|Any CPU.ActiveCfg = Release|Any CPU
		{1DF019DB-639E-4DF2-9182-87C889529E20}.Release|Any CPU.Build.0 = Release|Any CPU
	EndGlobalSection
	GlobalSection(SolutionProperties) = preSolution
		HideSolutionNode = FALSE
	EndGlobalSection
	GlobalSection(ExtensibilityGlobals) = postSolution
		SolutionGuid = {7A88C36B-DFDF-410A-B364-1DB4EBB33DC6}
	EndGlobalSection
EndGlobal
